PODS:
  - flutter_native_badge_foundation (1.0.4):
    - FlutterMacOS
  - FlutterMacOS (1.0.0)

DEPENDENCIES:
  - flutter_native_badge_foundation (from `Flutter/ephemeral/.symlinks/plugins/flutter_native_badge_foundation/macos`)
  - FlutterMacOS (from `Flutter/ephemeral`)

EXTERNAL SOURCES:
  flutter_native_badge_foundation:
    :path: Flutter/ephemeral/.symlinks/plugins/flutter_native_badge_foundation/macos
  FlutterMacOS:
    :path: Flutter/ephemeral

SPEC CHECKSUMS:
  flutter_native_badge_foundation: 2cdc1ca0901f483ffff717b60216a1fa856166f8
  FlutterMacOS: 8f6f14fa908a6fb3fba0cd85dbd81ec4b251fb24

PODFILE CHECKSUM: 353c8bcc5d5b0994e508d035b5431cfe18c1dea7

COCOAPODS: 1.14.3
