PODS:
  - Flutter (1.0.0)
  - flutter_native_badge_foundation (2.0.0):
    - Flutter

DEPENDENCIES:
  - Flutter (from `Flutter`)
  - flutter_native_badge_foundation (from `.symlinks/plugins/flutter_native_badge_foundation/ios`)

EXTERNAL SOURCES:
  Flutter:
    :path: Flutter
  flutter_native_badge_foundation:
    :path: ".symlinks/plugins/flutter_native_badge_foundation/ios"

SPEC CHECKSUMS:
  Flutter: cabc95a1d2626b1b06e7179b784ebcf0c0cde467
  flutter_native_badge_foundation: 4af132ad0452c5c3fab76252cea73e15dd59a87f

PODFILE CHECKSUM: 0dbd5a87e0ace00c9610d2037ac22083a01f861d

COCOAPODS: 1.16.2
